
Microsoft Visual Studio Solution File, Format Version 12.00
# Visual Studio 15
VisualStudioVersion = 15.0.27130.2027
MinimumVisualStudioVersion = 10.0.40219.1
Project("{8BC9CEB8-8B4A-11D0-8D11-00A0C91BC942}") = "elba", "elba.vcxproj", "{EAB18BF0-70C6-43B8-912C-68211112AE71}"
EndProject
Global
	GlobalSection(SolutionConfigurationPlatforms) = preSolution
		Debug|x64 = Debug|x64
		Debug|x86 = Debug|x86
		Release|x64 = Release|x64
		Release|x86 = Release|x86
	EndGlobalSection
	GlobalSection(ProjectConfigurationPlatforms) = postSolution
		{EAB18BF0-70C6-43B8-912C-68211112AE71}.Debug|x64.ActiveCfg = Debug|x64
		{EAB18BF0-70C6-43B8-912C-68211112AE71}.Debug|x64.Build.0 = Debug|x64
		{EAB18BF0-70C6-43B8-912C-68211112AE71}.Debug|x86.ActiveCfg = Debug|Win32
		{EAB18BF0-70C6-43B8-912C-68211112AE71}.Debug|x86.Build.0 = Debug|Win32
		{EAB18BF0-70C6-43B8-912C-68211112AE71}.Release|x64.ActiveCfg = Release|x64
		{EAB18BF0-70C6-43B8-912C-68211112AE71}.Release|x64.Build.0 = Release|x64
		{EAB18BF0-70C6-43B8-912C-68211112AE71}.Release|x86.ActiveCfg = Release|Win32
		{EAB18BF0-70C6-43B8-912C-68211112AE71}.Release|x86.Build.0 = Release|Win32
	EndGlobalSection
	GlobalSection(SolutionProperties) = preSolution
		HideSolutionNode = FALSE
	EndGlobalSection
	GlobalSection(ExtensibilityGlobals) = postSolution
		SolutionGuid = {1226B17D-3CDE-4A4B-B5AC-D35A4D2C8C57}
	EndGlobalSection
EndGlobal
